
Microsoft Visual Studio Solution File, Format Version 12.00
# Visual Studio Version 16
VisualStudioVersion = 16.0.29324.140
MinimumVisualStudioVersion = 10.0.40219.1
Project("{FAE04EC0-301F-11D3-BF4B-00C04F79EFBC}") = "WEb_GT", "WEb_GT\WEb_GT.csproj", "{6A49084E-93C3-4CDD-8C3F-356BD9DEDF4C}"
EndProject
Global
	GlobalSection(SolutionConfigurationPlatforms) = preSolution
		Debug|Any CPU = Debug|Any CPU
		Release|Any CPU = Release|Any CPU
	EndGlobalSection
	GlobalSection(ProjectConfigurationPlatforms) = postSolution
		{6A49084E-93C3-4CDD-8C3F-356BD9DEDF4C}.Debug|Any CPU.ActiveCfg = Debug|Any CPU
		{6A49084E-93C3-4CDD-8C3F-356BD9DEDF4C}.Debug|Any CPU.Build.0 = Debug|Any CPU
		{6A49084E-93C3-4CDD-8C3F-356BD9DEDF4C}.Release|Any CPU.ActiveCfg = Release|Any CPU
		{6A49084E-93C3-4CDD-8C3F-356BD9DEDF4C}.Release|Any CPU.Build.0 = Release|Any CPU
	EndGlobalSection
	GlobalSection(SolutionProperties) = preSolution
		HideSolutionNode = FALSE
	EndGlobalSection
	GlobalSection(ExtensibilityGlobals) = postSolution
		SolutionGuid = {F3959B9B-79D3-4475-AC70-2F295212C4F6}
	EndGlobalSection
EndGlobal
